
Microsoft Visual Studio Solution File, Format Version 12.00
# Visual Studio Version 17
VisualStudioVersion = 17.9.34728.123
MinimumVisualStudioVersion = 10.0.40219.1
Project("{FAE04EC0-301F-11D3-BF4B-00C04F79EFBC}") = "MB3D Animation Copilot", "MB3D Animation Copilot.csproj", "{43753646-B0D1-4F74-AE1D-E07934307899}"
EndProject
Project("{54435603-DBB4-11D2-8724-00A0C9A8B90C}") = "MB3D Animation Copilot Setup", "..\..\MB3D Animation Copilot\MB3D Animation Copilot Setup\MB3D Animation Copilot Setup.vdproj", "{5886CAB8-4572-460D-90BC-C5D0D8817A6A}"
EndProject
Global
	GlobalSection(SolutionConfigurationPlatforms) = preSolution
		All|Any CPU = All|Any CPU
		All|x64 = All|x64
		Debug|Any CPU = Debug|Any CPU
		Debug|x64 = Debug|x64
		Release|Any CPU = Release|Any CPU
		Release|x64 = Release|x64
	EndGlobalSection
	GlobalSection(ProjectConfigurationPlatforms) = postSolution
		{43753646-B0D1-4F74-AE1D-E07934307899}.All|Any CPU.ActiveCfg = Release|Any CPU
		{43753646-B0D1-4F74-AE1D-E07934307899}.All|Any CPU.Build.0 = Release|Any CPU
		{43753646-B0D1-4F74-AE1D-E07934307899}.All|x64.ActiveCfg = Debug|x64
		{43753646-B0D1-4F74-AE1D-E07934307899}.All|x64.Build.0 = Debug|x64
		{43753646-B0D1-4F74-AE1D-E07934307899}.Debug|Any CPU.ActiveCfg = Debug|Any CPU
		{43753646-B0D1-4F74-AE1D-E07934307899}.Debug|Any CPU.Build.0 = Debug|Any CPU
		{43753646-B0D1-4F74-AE1D-E07934307899}.Debug|x64.ActiveCfg = Debug|x64
		{43753646-B0D1-4F74-AE1D-E07934307899}.Debug|x64.Build.0 = Debug|x64
		{43753646-B0D1-4F74-AE1D-E07934307899}.Release|Any CPU.ActiveCfg = Release|Any CPU
		{43753646-B0D1-4F74-AE1D-E07934307899}.Release|Any CPU.Build.0 = Release|Any CPU
		{43753646-B0D1-4F74-AE1D-E07934307899}.Release|x64.ActiveCfg = Release|Any CPU
		{43753646-B0D1-4F74-AE1D-E07934307899}.Release|x64.Build.0 = Release|Any CPU
		{5886CAB8-4572-460D-90BC-C5D0D8817A6A}.All|Any CPU.ActiveCfg = Debug
		{5886CAB8-4572-460D-90BC-C5D0D8817A6A}.All|x64.ActiveCfg = Debug
		{5886CAB8-4572-460D-90BC-C5D0D8817A6A}.Debug|Any CPU.ActiveCfg = Debug
		{5886CAB8-4572-460D-90BC-C5D0D8817A6A}.Debug|x64.ActiveCfg = Debug
		{5886CAB8-4572-460D-90BC-C5D0D8817A6A}.Release|Any CPU.ActiveCfg = Release
		{5886CAB8-4572-460D-90BC-C5D0D8817A6A}.Release|x64.ActiveCfg = Release
	EndGlobalSection
	GlobalSection(SolutionProperties) = preSolution
		HideSolutionNode = FALSE
	EndGlobalSection
	GlobalSection(ExtensibilityGlobals) = postSolution
		SolutionGuid = {5C24820F-19FD-488C-975C-32850BCE8040}
	EndGlobalSection
EndGlobal
